{
  "nodes": {
    "flake-utils": {
      "locked": {
        "lastModified": 1642700792,
        "narHash": "sha256-XqHrk7hFb+zBvRg6Ghl+AZDq03ov6OshJLiSWOoX5es=",
        "owner": "numtide",
        "repo": "flake-utils",
        "rev": "846b2ae0fc4cc943637d3d1def4454213e203cba",
        "type": "github"
      },
      "original": {
        "owner": "numtide",
        "repo": "flake-utils",
        "type": "github"
      }
    },
    "flake-utils_2": {
      "locked": {
        "lastModified": 1642700792,
        "narHash": "sha256-XqHrk7hFb+zBvRg6Ghl+AZDq03ov6OshJLiSWOoX5es=",
        "owner": "numtide",
        "repo": "flake-utils",
        "rev": "846b2ae0fc4cc943637d3d1def4454213e203cba",
        "type": "github"
      },
      "original": {
        "owner": "numtide",
        "repo": "flake-utils",
        "type": "github"
      }
    },
    "flake-utils_3": {
      "locked": {
        "lastModified": 1642700792,
        "narHash": "sha256-XqHrk7hFb+zBvRg6Ghl+AZDq03ov6OshJLiSWOoX5es=",
        "owner": "numtide",
        "repo": "flake-utils",
        "rev": "846b2ae0fc4cc943637d3d1def4454213e203cba",
        "type": "github"
      },
      "original": {
        "owner": "numtide",
        "repo": "flake-utils",
        "type": "github"
      }
    },
    "flake-utils_4": {
      "locked": {
        "lastModified": 1642700792,
        "narHash": "sha256-XqHrk7hFb+zBvRg6Ghl+AZDq03ov6OshJLiSWOoX5es=",
        "owner": "numtide",
        "repo": "flake-utils",
        "rev": "846b2ae0fc4cc943637d3d1def4454213e203cba",
        "type": "github"
      },
      "original": {
        "owner": "numtide",
        "repo": "flake-utils",
        "type": "github"
      }
    },
    "flake-utils_5": {
      "locked": {
        "lastModified": 1642700792,
        "narHash": "sha256-XqHrk7hFb+zBvRg6Ghl+AZDq03ov6OshJLiSWOoX5es=",
        "owner": "numtide",
        "repo": "flake-utils",
        "rev": "846b2ae0fc4cc943637d3d1def4454213e203cba",
        "type": "github"
      },
      "original": {
        "owner": "numtide",
        "repo": "flake-utils",
        "type": "github"
      }
    },
    "git-ignore-nix": {
      "inputs": {
        "nixpkgs": "nixpkgs_2"
      },
      "locked": {
        "lastModified": 1635165013,
        "narHash": "sha256-o/BdVjNwcB6jOmzZjOH703BesSkkS5O7ej3xhyO8hAY=",
        "owner": "hercules-ci",
        "repo": "gitignore.nix",
        "rev": "5b9e0ff9d3b551234b4f3eb3983744fa354b17f1",
        "type": "github"
      },
      "original": {
        "owner": "hercules-ci",
        "ref": "master",
        "repo": "gitignore.nix",
        "type": "github"
      }
    },
    "git-ignore-nix_2": {
      "inputs": {
        "nixpkgs": "nixpkgs_3"
      },
      "locked": {
        "lastModified": 1635165013,
        "narHash": "sha256-o/BdVjNwcB6jOmzZjOH703BesSkkS5O7ej3xhyO8hAY=",
        "owner": "hercules-ci",
        "repo": "gitignore.nix",
        "rev": "5b9e0ff9d3b551234b4f3eb3983744fa354b17f1",
        "type": "github"
      },
      "original": {
        "owner": "hercules-ci",
        "ref": "master",
        "repo": "gitignore.nix",
        "type": "github"
      }
    },
    "git-ignore-nix_3": {
      "inputs": {
        "nixpkgs": "nixpkgs_5"
      },
      "locked": {
        "lastModified": 1635165013,
        "narHash": "sha256-o/BdVjNwcB6jOmzZjOH703BesSkkS5O7ej3xhyO8hAY=",
        "owner": "hercules-ci",
        "repo": "gitignore.nix",
        "rev": "5b9e0ff9d3b551234b4f3eb3983744fa354b17f1",
        "type": "github"
      },
      "original": {
        "owner": "hercules-ci",
        "ref": "master",
        "repo": "gitignore.nix",
        "type": "github"
      }
    },
    "git-ignore-nix_4": {
      "inputs": {
        "nixpkgs": "nixpkgs_7"
      },
      "locked": {
        "lastModified": 1635165013,
        "narHash": "sha256-o/BdVjNwcB6jOmzZjOH703BesSkkS5O7ej3xhyO8hAY=",
        "owner": "hercules-ci",
        "repo": "gitignore.nix",
        "rev": "5b9e0ff9d3b551234b4f3eb3983744fa354b17f1",
        "type": "github"
      },
      "original": {
        "owner": "hercules-ci",
        "ref": "master",
        "repo": "gitignore.nix",
        "type": "github"
      }
    },
    "gtk-sni-tray": {
      "inputs": {
        "flake-utils": "flake-utils_3",
        "git-ignore-nix": "git-ignore-nix_2",
        "nixpkgs": "nixpkgs_4",
        "status-notifier-item": "status-notifier-item"
      },
      "locked": {
        "lastModified": 1641783617,
        "narHash": "sha256-SfGbxKKzRKvqp1wS38vKKy9wHJSLiK94fTOMByZ0yqE=",
        "owner": "taffybar",
        "repo": "gtk-sni-tray",
        "rev": "2e55210674757c8c1f3797333a6f31e236a1f5e2",
        "type": "github"
      },
      "original": {
        "owner": "taffybar",
        "ref": "master",
        "repo": "gtk-sni-tray",
        "type": "github"
      }
    },
    "gtk-strut": {
      "inputs": {
        "flake-utils": "flake-utils_5",
        "git-ignore-nix": "git-ignore-nix_4",
        "nixpkgs": "nixpkgs_8"
      },
      "locked": {
        "lastModified": 1641783794,
        "narHash": "sha256-zVkad4/KWVdROaOsT8VvgXHihWEJxKqWLtAjuvIILJw=",
        "owner": "taffybar",
        "repo": "gtk-strut",
        "rev": "b8a8c30190a108e2cc977ef424af3a3c00fe973f",
        "type": "github"
      },
      "original": {
        "owner": "taffybar",
        "ref": "master",
        "repo": "gtk-strut",
        "type": "github"
      }
    },
    "nixpkgs": {
      "locked": {
        "lastModified": 1643080866,
        "narHash": "sha256-iO3Z6jw0HEiie8UnXVpq1SxphprDYBXrVzubEa5D4eE=",
        "path": "/nix/store/626qldjl59n3cx00l2sd86734vdj99pk-source",
        "rev": "c07b471b52be8fbc49a7dc194e9b37a6e19ee04d",
        "type": "path"
      },
      "original": {
        "id": "nixpkgs",
        "type": "indirect"
      }
    },
    "nixpkgs_2": {
      "locked": {
        "lastModified": 1632846328,
        "narHash": "sha256-sFi6YtlGK30TBB9o6CW7LG9mYHkgtKeWbSLAjjrNTX0=",
        "owner": "NixOS",
        "repo": "nixpkgs",
        "rev": "2b71ddd869ad592510553d09fe89c9709fa26b2b",
        "type": "github"
      },
      "original": {
        "id": "nixpkgs",
        "type": "indirect"
      }
    },
    "nixpkgs_3": {
      "locked": {
        "lastModified": 1632846328,
        "narHash": "sha256-sFi6YtlGK30TBB9o6CW7LG9mYHkgtKeWbSLAjjrNTX0=",
        "owner": "NixOS",
        "repo": "nixpkgs",
        "rev": "2b71ddd869ad592510553d09fe89c9709fa26b2b",
        "type": "github"
      },
      "original": {
        "id": "nixpkgs",
        "type": "indirect"
      }
    },
    "nixpkgs_4": {
      "locked": {
        "lastModified": 1643080866,
        "narHash": "sha256-iO3Z6jw0HEiie8UnXVpq1SxphprDYBXrVzubEa5D4eE=",
        "path": "/nix/store/626qldjl59n3cx00l2sd86734vdj99pk-source",
        "rev": "c07b471b52be8fbc49a7dc194e9b37a6e19ee04d",
        "type": "path"
      },
      "original": {
        "id": "nixpkgs",
        "type": "indirect"
      }
    },
    "nixpkgs_5": {
      "locked": {
        "lastModified": 1632846328,
        "narHash": "sha256-sFi6YtlGK30TBB9o6CW7LG9mYHkgtKeWbSLAjjrNTX0=",
        "owner": "NixOS",
        "repo": "nixpkgs",
        "rev": "2b71ddd869ad592510553d09fe89c9709fa26b2b",
        "type": "github"
      },
      "original": {
        "id": "nixpkgs",
        "type": "indirect"
      }
    },
    "nixpkgs_6": {
      "locked": {
        "lastModified": 1643080866,
        "narHash": "sha256-iO3Z6jw0HEiie8UnXVpq1SxphprDYBXrVzubEa5D4eE=",
        "path": "/nix/store/626qldjl59n3cx00l2sd86734vdj99pk-source",
        "rev": "c07b471b52be8fbc49a7dc194e9b37a6e19ee04d",
        "type": "path"
      },
      "original": {
        "id": "nixpkgs",
        "type": "indirect"
      }
    },
    "nixpkgs_7": {
      "locked": {
        "lastModified": 1632846328,
        "narHash": "sha256-sFi6YtlGK30TBB9o6CW7LG9mYHkgtKeWbSLAjjrNTX0=",
        "owner": "NixOS",
        "repo": "nixpkgs",
        "rev": "2b71ddd869ad592510553d09fe89c9709fa26b2b",
        "type": "github"
      },
      "original": {
        "id": "nixpkgs",
        "type": "indirect"
      }
    },
    "nixpkgs_8": {
      "locked": {
        "lastModified": 1643080866,
        "narHash": "sha256-iO3Z6jw0HEiie8UnXVpq1SxphprDYBXrVzubEa5D4eE=",
        "path": "/nix/store/626qldjl59n3cx00l2sd86734vdj99pk-source",
        "rev": "c07b471b52be8fbc49a7dc194e9b37a6e19ee04d",
        "type": "path"
      },
      "original": {
        "id": "nixpkgs",
        "type": "indirect"
      }
    },
    "nixpkgs_9": {
      "locked": {
        "lastModified": 1643080866,
        "narHash": "sha256-iO3Z6jw0HEiie8UnXVpq1SxphprDYBXrVzubEa5D4eE=",
        "path": "/nix/store/626qldjl59n3cx00l2sd86734vdj99pk-source",
        "rev": "c07b471b52be8fbc49a7dc194e9b37a6e19ee04d",
        "type": "path"
      },
      "original": {
        "id": "nixpkgs",
        "type": "indirect"
      }
    },
    "root": {
      "inputs": {
        "flake-utils": "flake-utils",
        "nixpkgs": "nixpkgs",
        "taffybar": "taffybar"
      }
    },
    "status-notifier-item": {
      "inputs": {
        "flake-utils": "flake-utils_4",
        "git-ignore-nix": "git-ignore-nix_3",
        "nixpkgs": "nixpkgs_6"
      },
      "locked": {
        "lastModified": 1641783528,
        "narHash": "sha256-wJymJfYPFj4/r1e4kT/wt9FEsyCXo5JkkcOoozpuhag=",
        "owner": "taffybar",
        "repo": "status-notifier-item",
        "rev": "f4f9c66ab57fc42eeed0de8cfac9f5f9d30d9dc7",
        "type": "github"
      },
      "original": {
        "owner": "taffybar",
        "ref": "master",
        "repo": "status-notifier-item",
        "type": "github"
      }
    },
    "taffybar": {
      "inputs": {
        "flake-utils": "flake-utils_2",
        "git-ignore-nix": "git-ignore-nix",
        "gtk-sni-tray": "gtk-sni-tray",
        "gtk-strut": "gtk-strut",
        "nixpkgs": "nixpkgs_9"
      },
      "locked": {
        "lastModified": 1641783054,
        "narHash": "sha256-nQppv75khbdPLhk3xDkpN27PFQog84cZtGTf2vkjq5o=",
        "owner": "taffybar",
        "repo": "taffybar",
        "rev": "2f8b1aa745876846f67bc40504b5917157ccbec9",
        "type": "github"
      },
      "original": {
        "owner": "taffybar",
        "repo": "taffybar",
        "type": "github"
      }
    }
  },
  "root": "root",
  "version": 7
}
