{
  "nodes": {
    "flake-utils": {
      "locked": {
        "lastModified": 1649676176,
        "narHash": "sha256-OWKJratjt2RW151VUlJPRALb7OU2S5s+f0vLj4o1bHM=",
        "owner": "numtide",
        "repo": "flake-utils",
        "rev": "a4b154ebbdc88c8498a5c7b01589addc9e9cb678",
        "type": "github"
      },
      "original": {
        "owner": "numtide",
        "repo": "flake-utils",
        "type": "github"
      }
    },
    "flake-utils_2": {
      "locked": {
        "lastModified": 1649676176,
        "narHash": "sha256-OWKJratjt2RW151VUlJPRALb7OU2S5s+f0vLj4o1bHM=",
        "owner": "numtide",
        "repo": "flake-utils",
        "rev": "a4b154ebbdc88c8498a5c7b01589addc9e9cb678",
        "type": "github"
      },
      "original": {
        "owner": "numtide",
        "repo": "flake-utils",
        "type": "github"
      }
    },
    "flake-utils_3": {
      "locked": {
        "lastModified": 1649676176,
        "narHash": "sha256-OWKJratjt2RW151VUlJPRALb7OU2S5s+f0vLj4o1bHM=",
        "owner": "numtide",
        "repo": "flake-utils",
        "rev": "a4b154ebbdc88c8498a5c7b01589addc9e9cb678",
        "type": "github"
      },
      "original": {
        "owner": "numtide",
        "repo": "flake-utils",
        "type": "github"
      }
    },
    "flake-utils_4": {
      "locked": {
        "lastModified": 1649676176,
        "narHash": "sha256-OWKJratjt2RW151VUlJPRALb7OU2S5s+f0vLj4o1bHM=",
        "owner": "numtide",
        "repo": "flake-utils",
        "rev": "a4b154ebbdc88c8498a5c7b01589addc9e9cb678",
        "type": "github"
      },
      "original": {
        "owner": "numtide",
        "repo": "flake-utils",
        "type": "github"
      }
    },
    "flake-utils_5": {
      "locked": {
        "lastModified": 1649676176,
        "narHash": "sha256-OWKJratjt2RW151VUlJPRALb7OU2S5s+f0vLj4o1bHM=",
        "owner": "numtide",
        "repo": "flake-utils",
        "rev": "a4b154ebbdc88c8498a5c7b01589addc9e9cb678",
        "type": "github"
      },
      "original": {
        "owner": "numtide",
        "repo": "flake-utils",
        "type": "github"
      }
    },
    "git-ignore-nix": {
      "inputs": {
        "nixpkgs": "nixpkgs_2"
      },
      "locked": {
        "lastModified": 1646480205,
        "narHash": "sha256-kekOlTlu45vuK2L9nq8iVN17V3sB0WWPqTTW3a2SQG0=",
        "owner": "hercules-ci",
        "repo": "gitignore.nix",
        "rev": "bff2832ec341cf30acb3a4d3e2e7f1f7b590116a",
        "type": "github"
      },
      "original": {
        "owner": "hercules-ci",
        "ref": "master",
        "repo": "gitignore.nix",
        "type": "github"
      }
    },
    "git-ignore-nix_2": {
      "inputs": {
        "nixpkgs": "nixpkgs_3"
      },
      "locked": {
        "lastModified": 1646480205,
        "narHash": "sha256-kekOlTlu45vuK2L9nq8iVN17V3sB0WWPqTTW3a2SQG0=",
        "owner": "hercules-ci",
        "repo": "gitignore.nix",
        "rev": "bff2832ec341cf30acb3a4d3e2e7f1f7b590116a",
        "type": "github"
      },
      "original": {
        "owner": "hercules-ci",
        "ref": "master",
        "repo": "gitignore.nix",
        "type": "github"
      }
    },
    "git-ignore-nix_3": {
      "inputs": {
        "nixpkgs": "nixpkgs_5"
      },
      "locked": {
        "lastModified": 1646480205,
        "narHash": "sha256-kekOlTlu45vuK2L9nq8iVN17V3sB0WWPqTTW3a2SQG0=",
        "owner": "hercules-ci",
        "repo": "gitignore.nix",
        "rev": "bff2832ec341cf30acb3a4d3e2e7f1f7b590116a",
        "type": "github"
      },
      "original": {
        "owner": "hercules-ci",
        "ref": "master",
        "repo": "gitignore.nix",
        "type": "github"
      }
    },
    "git-ignore-nix_4": {
      "inputs": {
        "nixpkgs": "nixpkgs_7"
      },
      "locked": {
        "lastModified": 1646480205,
        "narHash": "sha256-kekOlTlu45vuK2L9nq8iVN17V3sB0WWPqTTW3a2SQG0=",
        "owner": "hercules-ci",
        "repo": "gitignore.nix",
        "rev": "bff2832ec341cf30acb3a4d3e2e7f1f7b590116a",
        "type": "github"
      },
      "original": {
        "owner": "hercules-ci",
        "ref": "master",
        "repo": "gitignore.nix",
        "type": "github"
      }
    },
    "gtk-sni-tray": {
      "inputs": {
        "flake-utils": "flake-utils_3",
        "git-ignore-nix": "git-ignore-nix_2",
        "nixpkgs": "nixpkgs_4",
        "status-notifier-item": "status-notifier-item"
      },
      "locked": {
        "lastModified": 1641783617,
        "narHash": "sha256-SfGbxKKzRKvqp1wS38vKKy9wHJSLiK94fTOMByZ0yqE=",
        "owner": "taffybar",
        "repo": "gtk-sni-tray",
        "rev": "2e55210674757c8c1f3797333a6f31e236a1f5e2",
        "type": "github"
      },
      "original": {
        "owner": "taffybar",
        "ref": "master",
        "repo": "gtk-sni-tray",
        "type": "github"
      }
    },
    "gtk-strut": {
      "inputs": {
        "flake-utils": "flake-utils_5",
        "git-ignore-nix": "git-ignore-nix_4",
        "nixpkgs": "nixpkgs_8"
      },
      "locked": {
        "lastModified": 1641783794,
        "narHash": "sha256-zVkad4/KWVdROaOsT8VvgXHihWEJxKqWLtAjuvIILJw=",
        "owner": "taffybar",
        "repo": "gtk-strut",
        "rev": "b8a8c30190a108e2cc977ef424af3a3c00fe973f",
        "type": "github"
      },
      "original": {
        "owner": "taffybar",
        "ref": "master",
        "repo": "gtk-strut",
        "type": "github"
      }
    },
    "nixpkgs": {
      "locked": {
        "narHash": "sha256-70ZWAlOQ9nAZ08OU6WY7n4Ij2kOO199dLfNlvO/+pf8=",
        "path": "/nix/store/h96rpxzp4q192r3fnwzclg3rmdg4nlqk-source",
        "type": "path"
      },
      "original": {
        "id": "nixpkgs",
        "type": "indirect"
      }
    },
    "nixpkgs_2": {
      "locked": {
        "lastModified": 1632846328,
        "narHash": "sha256-sFi6YtlGK30TBB9o6CW7LG9mYHkgtKeWbSLAjjrNTX0=",
        "owner": "NixOS",
        "repo": "nixpkgs",
        "rev": "2b71ddd869ad592510553d09fe89c9709fa26b2b",
        "type": "github"
      },
      "original": {
        "id": "nixpkgs",
        "type": "indirect"
      }
    },
    "nixpkgs_3": {
      "locked": {
        "lastModified": 1632846328,
        "narHash": "sha256-sFi6YtlGK30TBB9o6CW7LG9mYHkgtKeWbSLAjjrNTX0=",
        "owner": "NixOS",
        "repo": "nixpkgs",
        "rev": "2b71ddd869ad592510553d09fe89c9709fa26b2b",
        "type": "github"
      },
      "original": {
        "id": "nixpkgs",
        "type": "indirect"
      }
    },
    "nixpkgs_4": {
      "locked": {
        "narHash": "sha256-70ZWAlOQ9nAZ08OU6WY7n4Ij2kOO199dLfNlvO/+pf8=",
        "path": "/nix/store/h96rpxzp4q192r3fnwzclg3rmdg4nlqk-source",
        "type": "path"
      },
      "original": {
        "id": "nixpkgs",
        "type": "indirect"
      }
    },
    "nixpkgs_5": {
      "locked": {
        "lastModified": 1632846328,
        "narHash": "sha256-sFi6YtlGK30TBB9o6CW7LG9mYHkgtKeWbSLAjjrNTX0=",
        "owner": "NixOS",
        "repo": "nixpkgs",
        "rev": "2b71ddd869ad592510553d09fe89c9709fa26b2b",
        "type": "github"
      },
      "original": {
        "id": "nixpkgs",
        "type": "indirect"
      }
    },
    "nixpkgs_6": {
      "locked": {
        "narHash": "sha256-70ZWAlOQ9nAZ08OU6WY7n4Ij2kOO199dLfNlvO/+pf8=",
        "path": "/nix/store/h96rpxzp4q192r3fnwzclg3rmdg4nlqk-source",
        "type": "path"
      },
      "original": {
        "id": "nixpkgs",
        "type": "indirect"
      }
    },
    "nixpkgs_7": {
      "locked": {
        "lastModified": 1632846328,
        "narHash": "sha256-sFi6YtlGK30TBB9o6CW7LG9mYHkgtKeWbSLAjjrNTX0=",
        "owner": "NixOS",
        "repo": "nixpkgs",
        "rev": "2b71ddd869ad592510553d09fe89c9709fa26b2b",
        "type": "github"
      },
      "original": {
        "id": "nixpkgs",
        "type": "indirect"
      }
    },
    "nixpkgs_8": {
      "locked": {
        "narHash": "sha256-70ZWAlOQ9nAZ08OU6WY7n4Ij2kOO199dLfNlvO/+pf8=",
        "path": "/nix/store/h96rpxzp4q192r3fnwzclg3rmdg4nlqk-source",
        "type": "path"
      },
      "original": {
        "id": "nixpkgs",
        "type": "indirect"
      }
    },
    "nixpkgs_9": {
      "locked": {
        "narHash": "sha256-70ZWAlOQ9nAZ08OU6WY7n4Ij2kOO199dLfNlvO/+pf8=",
        "path": "/nix/store/h96rpxzp4q192r3fnwzclg3rmdg4nlqk-source",
        "type": "path"
      },
      "original": {
        "id": "nixpkgs",
        "type": "indirect"
      }
    },
    "root": {
      "inputs": {
        "flake-utils": "flake-utils",
        "nixpkgs": "nixpkgs",
        "taffybar": "taffybar"
      }
    },
    "status-notifier-item": {
      "inputs": {
        "flake-utils": "flake-utils_4",
        "git-ignore-nix": "git-ignore-nix_3",
        "nixpkgs": "nixpkgs_6"
      },
      "locked": {
        "lastModified": 1641783528,
        "narHash": "sha256-wJymJfYPFj4/r1e4kT/wt9FEsyCXo5JkkcOoozpuhag=",
        "owner": "taffybar",
        "repo": "status-notifier-item",
        "rev": "f4f9c66ab57fc42eeed0de8cfac9f5f9d30d9dc7",
        "type": "github"
      },
      "original": {
        "owner": "taffybar",
        "ref": "master",
        "repo": "status-notifier-item",
        "type": "github"
      }
    },
    "taffybar": {
      "inputs": {
        "flake-utils": "flake-utils_2",
        "git-ignore-nix": "git-ignore-nix",
        "gtk-sni-tray": "gtk-sni-tray",
        "gtk-strut": "gtk-strut",
        "nixpkgs": "nixpkgs_9"
      },
      "locked": {
        "lastModified": 1650471637,
        "narHash": "sha256-WpuI+cqTZZ704rarUTVM9rrXiYagj6ZWRtxA4cpdAPA=",
        "owner": "icy-thought",
        "repo": "taffybar",
        "rev": "2cdd96ca0312fa553edded0af602c62e41170a8e",
        "type": "github"
      },
      "original": {
        "owner": "icy-thought",
        "repo": "taffybar",
        "type": "github"
      }
    }
  },
  "root": "root",
  "version": 7
}
