{
  "nodes": {
    "agenix": {
      "inputs": {
        "nixpkgs": "nixpkgs"
      },
      "locked": {
        "lastModified": 1620877075,
        "narHash": "sha256-XvgTqtmQZHegu9UMDSR50gK5cHEM2gbnRH0qecmdN54=",
        "owner": "ryantm",
        "repo": "agenix",
        "rev": "e543aa7d68f222e1e771165da9e9a64b5bf7b3e3",
        "type": "github"
      },
      "original": {
        "owner": "ryantm",
        "repo": "agenix",
        "type": "github"
      }
    },
    "emacs-overlay": {
      "locked": {
        "lastModified": 1624727938,
        "narHash": "sha256-w6vdESHOlSVaa+ts7HB2Yi7zxZepjHnXArdTiauk/2o=",
        "owner": "nix-community",
        "repo": "emacs-overlay",
        "rev": "d756e841ef2d30dcb9d831f47c2f2bc9b7eaaabf",
        "type": "github"
      },
      "original": {
        "owner": "nix-community",
        "repo": "emacs-overlay",
        "type": "github"
      }
    },
    "flake-compat": {
      "flake": false,
      "locked": {
        "lastModified": 1606424373,
        "narHash": "sha256-oq8d4//CJOrVj+EcOaSXvMebvuTkmBJuT5tzlfewUnQ=",
        "owner": "edolstra",
        "repo": "flake-compat",
        "rev": "99f1c2157fba4bfe6211a321fd0ee43199025dbf",
        "type": "github"
      },
      "original": {
        "owner": "edolstra",
        "repo": "flake-compat",
        "type": "github"
      }
    },
    "flake-utils": {
      "locked": {
        "lastModified": 1623875721,
        "narHash": "sha256-A8BU7bjS5GirpAUv4QA+QnJ4CceLHkcXdRp4xITDB0s=",
        "owner": "numtide",
        "repo": "flake-utils",
        "rev": "f7e004a55b120c02ecb6219596820fcd32ca8772",
        "type": "github"
      },
      "original": {
        "owner": "numtide",
        "repo": "flake-utils",
        "type": "github"
      }
    },
    "flake-utils_2": {
      "locked": {
        "lastModified": 1610051610,
        "narHash": "sha256-U9rPz/usA1/Aohhk7Cmc2gBrEEKRzcW4nwPWMPwja4Y=",
        "owner": "numtide",
        "repo": "flake-utils",
        "rev": "3982c9903e93927c2164caa727cd3f6a0e6d14cc",
        "type": "github"
      },
      "original": {
        "owner": "numtide",
        "repo": "flake-utils",
        "type": "github"
      }
    },
    "flake-utils_3": {
      "locked": {
        "lastModified": 1614513358,
        "narHash": "sha256-LakhOx3S1dRjnh0b5Dg3mbZyH0ToC9I8Y2wKSkBaTzU=",
        "owner": "numtide",
        "repo": "flake-utils",
        "rev": "5466c5bbece17adaab2d82fae80b46e807611bf3",
        "type": "github"
      },
      "original": {
        "owner": "numtide",
        "repo": "flake-utils",
        "type": "github"
      }
    },
    "home-manager": {
      "inputs": {
        "nixpkgs": [
          "nixpkgs"
        ]
      },
      "locked": {
        "lastModified": 1624746582,
        "narHash": "sha256-5RXicZDUxLjzz64oWXoRqAaTsfnG1oucIB3UIQa0rMI=",
        "owner": "nix-community",
        "repo": "home-manager",
        "rev": "8d3b273afef0e6c3d6d6e4239c9c9d79b1ab6ed7",
        "type": "github"
      },
      "original": {
        "owner": "nix-community",
        "ref": "master",
        "repo": "home-manager",
        "type": "github"
      }
    },
    "master": {
      "locked": {
        "lastModified": 1624768879,
        "narHash": "sha256-phwyXNHvuc8D+YcBb9gfB7FedPgqp9ryvjhWlVRcEXg=",
        "owner": "NixOS",
        "repo": "nixpkgs",
        "rev": "f5b9a25cdd21b4e45ab5f11c27b95dfe17384274",
        "type": "github"
      },
      "original": {
        "owner": "NixOS",
        "repo": "nixpkgs",
        "type": "github"
      }
    },
    "neovim-flake": {
      "inputs": {
        "flake-utils": "flake-utils_2",
        "nixpkgs": [
          "nixpkgs"
        ]
      },
      "locked": {
        "dir": "contrib",
        "lastModified": 1624666258,
        "narHash": "sha256-qKgAgIfJWdkvr+4Y+iDQ9RT9N/otj+zmlDAstDTN+D0=",
        "owner": "neovim",
        "repo": "neovim",
        "rev": "c1120ad0e1adf8b34ee10b63b2134fcb0d580fce",
        "type": "github"
      },
      "original": {
        "dir": "contrib",
        "owner": "neovim",
        "repo": "neovim",
        "type": "github"
      }
    },
    "neovim-nightly": {
      "inputs": {
        "flake-compat": "flake-compat",
        "neovim-flake": "neovim-flake",
        "nixpkgs": "nixpkgs_2"
      },
      "locked": {
        "lastModified": 1624695079,
        "narHash": "sha256-MOFNd0caqqY1fY9OtvcDcGsGkSQM+MgFnN7ZXvIOG5g=",
        "owner": "nix-community",
        "repo": "neovim-nightly-overlay",
        "rev": "861b561c4681ce6a0bfa8a149e23c77b4f297e3d",
        "type": "github"
      },
      "original": {
        "owner": "nix-community",
        "repo": "neovim-nightly-overlay",
        "type": "github"
      }
    },
    "nixos-hardware": {
      "locked": {
        "lastModified": 1624713701,
        "narHash": "sha256-miYoO9/M+ZYlNPknRF9VYh6bQEQCPPz6lM0Pb60jbPk=",
        "owner": "NixOS",
        "repo": "nixos-hardware",
        "rev": "03c60a2db286bcd8ecfac9a8739c50626ca0fd8e",
        "type": "github"
      },
      "original": {
        "owner": "NixOS",
        "repo": "nixos-hardware",
        "type": "github"
      }
    },
    "nixpkgs": {
      "locked": {
        "lastModified": 1618628710,
        "narHash": "sha256-9xIoU+BrCpjs5nfWcd/GlU7XCVdnNKJPffoNTxgGfhs=",
        "path": "/nix/store/z1rf17q0fxj935cmplzys4gg6nxj1as0-source",
        "rev": "7919518f0235106d050c77837df5e338fb94de5d",
        "type": "path"
      },
      "original": {
        "id": "nixpkgs",
        "type": "indirect"
      }
    },
    "nixpkgs-mozilla": {
      "flake": false,
      "locked": {
        "lastModified": 1622726979,
        "narHash": "sha256-JCBPZVQ4aGe3cmnQc1tjJRwaxqz1b60piQz+/F9CMtc=",
        "owner": "mozilla",
        "repo": "nixpkgs-mozilla",
        "rev": "3f3fba4e2066f28a1ad7ac60e86a688a92eb5b5f",
        "type": "github"
      },
      "original": {
        "owner": "mozilla",
        "repo": "nixpkgs-mozilla",
        "type": "github"
      }
    },
    "nixpkgs_2": {
      "locked": {
        "lastModified": 1624447853,
        "narHash": "sha256-Zn+vTEa3NE9q6z6ytpcNXrr8jV7HvrKRxMYoD2E6DpE=",
        "owner": "nixos",
        "repo": "nixpkgs",
        "rev": "1905f5f2e55e0db0bb6244cfe62cb6c0dbda391d",
        "type": "github"
      },
      "original": {
        "owner": "nixos",
        "ref": "nixos-unstable",
        "repo": "nixpkgs",
        "type": "github"
      }
    },
    "nixpkgs_3": {
      "locked": {
        "lastModified": 1624626397,
        "narHash": "sha256-+h0ulo5//RqStx6g6MDqD9MzgmBfeZ1VYxwEaSmw/Zs=",
        "owner": "NixOS",
        "repo": "nixpkgs",
        "rev": "e1f8852faac7638e88d5e8a5b9ee2a7568685e3f",
        "type": "github"
      },
      "original": {
        "owner": "NixOS",
        "ref": "nixos-unstable",
        "repo": "nixpkgs",
        "type": "github"
      }
    },
    "nixpkgs_4": {
      "locked": {
        "lastModified": 1617325113,
        "narHash": "sha256-GksR0nvGxfZ79T91UUtWjjccxazv6Yh/MvEJ82v1Xmw=",
        "owner": "nixos",
        "repo": "nixpkgs",
        "rev": "54c1e44240d8a527a8f4892608c4bce5440c3ecb",
        "type": "github"
      },
      "original": {
        "owner": "NixOS",
        "repo": "nixpkgs",
        "type": "github"
      }
    },
    "root": {
      "inputs": {
        "agenix": "agenix",
        "emacs-overlay": "emacs-overlay",
        "flake-utils": "flake-utils",
        "home-manager": "home-manager",
        "master": "master",
        "neovim-nightly": "neovim-nightly",
        "nixos-hardware": "nixos-hardware",
        "nixpkgs": "nixpkgs_3",
        "nixpkgs-mozilla": "nixpkgs-mozilla",
        "rust-overlay": "rust-overlay"
      }
    },
    "rust-overlay": {
      "inputs": {
        "flake-utils": "flake-utils_3",
        "nixpkgs": "nixpkgs_4"
      },
      "locked": {
        "lastModified": 1624760275,
        "narHash": "sha256-GVHe1Pshxf56kpu1YDTH2zBYE6HkdT181EPqkTIijp4=",
        "owner": "oxalica",
        "repo": "rust-overlay",
        "rev": "50c100eab4bf1cb9eb7a99ac1b8201fe9eb8a4e0",
        "type": "github"
      },
      "original": {
        "owner": "oxalica",
        "repo": "rust-overlay",
        "type": "github"
      }
    }
  },
  "root": "root",
  "version": 7
}
