{
  "nodes": {
    "agenix": {
      "inputs": {
        "nixpkgs": [
          "nixpkgs"
        ]
      },
      "locked": {
        "lastModified": 1665870395,
        "narHash": "sha256-Tsbqb27LDNxOoPLh0gw2hIb6L/6Ow/6lIBvqcHzEKBI=",
        "owner": "ryantm",
        "repo": "agenix",
        "rev": "a630400067c6d03c9b3e0455347dc8559db14288",
        "type": "github"
      },
      "original": {
        "owner": "ryantm",
        "repo": "agenix",
        "type": "github"
      }
    },
    "doomemacs": {
      "flake": false,
      "locked": {
        "lastModified": 1667229496,
        "narHash": "sha256-SURAFrtblyvkflQz1cEQogfo31UzSvKd+UOgczUyJ8k=",
        "owner": "doomemacs",
        "repo": "doomemacs",
        "rev": "9d4d5b756a8598c4b5c842e9f1f33148af2af8fd",
        "type": "github"
      },
      "original": {
        "owner": "doomemacs",
        "repo": "doomemacs",
        "type": "github"
      }
    },
    "emacs": {
      "inputs": {
        "flake-utils": "flake-utils",
        "nixpkgs": "nixpkgs"
      },
      "locked": {
        "lastModified": 1667995174,
        "narHash": "sha256-TzuupNsdL7Jsz8jF48+0B6VkZDkcK5/UvEz7d63Z6To=",
        "owner": "nix-community",
        "repo": "emacs-overlay",
        "rev": "931ac5f67eb8f273325097f2347f3e6fbe3b1a2a",
        "type": "github"
      },
      "original": {
        "owner": "nix-community",
        "repo": "emacs-overlay",
        "type": "github"
      }
    },
    "emacs-dir": {
      "flake": false,
      "locked": {
        "lastModified": 1667733358,
        "narHash": "sha256-noFME1CmbQNNFiz7WDmjzbzc60AmKR+IUqHZfXNoCE8=",
        "ref": "refs/heads/main",
        "rev": "3cf1a269b5a01e20ba08de7bebb69ed6a5e1bdca",
        "revCount": 27,
        "submodules": true,
        "type": "git",
        "url": "https://github.com/Icy-Thought/emacs.d.git"
      },
      "original": {
        "submodules": true,
        "type": "git",
        "url": "https://github.com/Icy-Thought/emacs.d.git"
      }
    },
    "flake-compat": {
      "flake": false,
      "locked": {
        "lastModified": 1650374568,
        "narHash": "sha256-Z+s0J8/r907g149rllvwhb4pKi8Wam5ij0st8PwAh+E=",
        "owner": "edolstra",
        "repo": "flake-compat",
        "rev": "b4a34015c698c7793d592d66adbab377907a2be8",
        "type": "github"
      },
      "original": {
        "owner": "edolstra",
        "repo": "flake-compat",
        "type": "github"
      }
    },
    "flake-utils": {
      "locked": {
        "lastModified": 1667395993,
        "narHash": "sha256-nuEHfE/LcWyuSWnS8t12N1wc105Qtau+/OdUAjtQ0rA=",
        "owner": "numtide",
        "repo": "flake-utils",
        "rev": "5aed5285a952e0b949eb3ba02c12fa4fcfef535f",
        "type": "github"
      },
      "original": {
        "owner": "numtide",
        "repo": "flake-utils",
        "type": "github"
      }
    },
    "flake-utils_2": {
      "locked": {
        "lastModified": 1659877975,
        "narHash": "sha256-zllb8aq3YO3h8B/U0/J1WBgAL8EX5yWf5pMj3G0NAmc=",
        "owner": "numtide",
        "repo": "flake-utils",
        "rev": "c0e246b9b83f637f4681389ecabcb2681b4f3af0",
        "type": "github"
      },
      "original": {
        "owner": "numtide",
        "repo": "flake-utils",
        "type": "github"
      }
    },
    "flake-utils_3": {
      "locked": {
        "lastModified": 1659877975,
        "narHash": "sha256-zllb8aq3YO3h8B/U0/J1WBgAL8EX5yWf5pMj3G0NAmc=",
        "owner": "numtide",
        "repo": "flake-utils",
        "rev": "c0e246b9b83f637f4681389ecabcb2681b4f3af0",
        "type": "github"
      },
      "original": {
        "owner": "numtide",
        "repo": "flake-utils",
        "type": "github"
      }
    },
    "home-manager": {
      "inputs": {
        "nixpkgs": [
          "nixpkgs"
        ],
        "utils": "utils"
      },
      "locked": {
        "lastModified": 1667981810,
        "narHash": "sha256-p27zd5M+OkfND46gzbGkaHlNBZsYe95M48OJuFeuuSY=",
        "owner": "nix-community",
        "repo": "home-manager",
        "rev": "6ce3493a3c5c6a8f4cfa6f5f88723272e0cfd335",
        "type": "github"
      },
      "original": {
        "owner": "nix-community",
        "ref": "master",
        "repo": "home-manager",
        "type": "github"
      }
    },
    "hyprland": {
      "inputs": {
        "nixpkgs": "nixpkgs_2",
        "wlroots": "wlroots"
      },
      "locked": {
        "lastModified": 1667991409,
        "narHash": "sha256-cL+U8r/4KgidaW2l/d4eOsvPfybWCC48amlCWCJsJUk=",
        "owner": "hyprwm",
        "repo": "Hyprland",
        "rev": "d0b3cdc835f8170feee8a18a64178496a852d6ae",
        "type": "github"
      },
      "original": {
        "owner": "hyprwm",
        "repo": "Hyprland",
        "type": "github"
      }
    },
    "kmonad": {
      "inputs": {
        "nixpkgs": [
          "nixpkgs"
        ]
      },
      "locked": {
        "dir": "nix",
        "lastModified": 1666935187,
        "narHash": "sha256-/7uLVQHQm+d1Qyl9VGfDN3toBp5LvRx+qLLKxNj2ak4=",
        "owner": "kmonad",
        "repo": "kmonad",
        "rev": "820af08d1ef1bff417829415d5f673041b67ef4d",
        "type": "github"
      },
      "original": {
        "dir": "nix",
        "owner": "kmonad",
        "repo": "kmonad",
        "type": "github"
      }
    },
    "neovim-flake": {
      "inputs": {
        "flake-utils": "flake-utils_2",
        "nixpkgs": [
          "nvim-nightly",
          "nixpkgs"
        ]
      },
      "locked": {
        "dir": "contrib",
        "lastModified": 1667897328,
        "narHash": "sha256-jwdTgwWUUraNQ0UC735EhRTQqN2kdlZfrfyE+QAQP98=",
        "owner": "neovim",
        "repo": "neovim",
        "rev": "fae754073289566051433fae74ec65783f9e7a6a",
        "type": "github"
      },
      "original": {
        "dir": "contrib",
        "owner": "neovim",
        "repo": "neovim",
        "type": "github"
      }
    },
    "nixpkgs": {
      "locked": {
        "lastModified": 1667629849,
        "narHash": "sha256-P+v+nDOFWicM4wziFK9S/ajF2lc0N2Rg9p6Y35uMoZI=",
        "path": "/nix/store/y0vjv4jpzrwdw0x5m4p9c2p4w7mrcz3w-source",
        "rev": "3bacde6273b09a21a8ccfba15586fb165078fb62",
        "type": "path"
      },
      "original": {
        "id": "nixpkgs",
        "type": "indirect"
      }
    },
    "nixpkgs-unstable": {
      "locked": {
        "lastModified": 1667969101,
        "narHash": "sha256-GL53T705HO7Q/KVfbb5STx8AxFs8YgaGY8pvAZC+O7U=",
        "owner": "NixOS",
        "repo": "nixpkgs",
        "rev": "bbf77421ac51a7c93f5f0f760da99e4dbce614fa",
        "type": "github"
      },
      "original": {
        "id": "nixpkgs",
        "ref": "nixpkgs-unstable",
        "type": "indirect"
      }
    },
    "nixpkgs_2": {
      "locked": {
        "lastModified": 1666377499,
        "narHash": "sha256-dZZCGvWcxc7oGnUgFVf0UeNHsJ4VhkTM0v5JRe8EwR8=",
        "owner": "NixOS",
        "repo": "nixpkgs",
        "rev": "301aada7a64812853f2e2634a530ef5d34505048",
        "type": "github"
      },
      "original": {
        "owner": "NixOS",
        "ref": "nixos-unstable",
        "repo": "nixpkgs",
        "type": "github"
      }
    },
    "nixpkgs_3": {
      "locked": {
        "lastModified": 1667901915,
        "narHash": "sha256-IkSou5ox/yZ2YUhGpk8vxd2TNU2pwRlYtir5k55NaxE=",
        "owner": "NixOS",
        "repo": "nixpkgs",
        "rev": "093268502280540a7f5bf1e2a6330a598ba3b7d0",
        "type": "github"
      },
      "original": {
        "id": "nixpkgs",
        "ref": "nixos-unstable",
        "type": "indirect"
      }
    },
    "nixpkgs_4": {
      "locked": {
        "lastModified": 1667969101,
        "narHash": "sha256-GL53T705HO7Q/KVfbb5STx8AxFs8YgaGY8pvAZC+O7U=",
        "owner": "nixos",
        "repo": "nixpkgs",
        "rev": "bbf77421ac51a7c93f5f0f760da99e4dbce614fa",
        "type": "github"
      },
      "original": {
        "owner": "nixos",
        "ref": "nixpkgs-unstable",
        "repo": "nixpkgs",
        "type": "github"
      }
    },
    "nixpkgs_5": {
      "locked": {
        "lastModified": 1665296151,
        "narHash": "sha256-uOB0oxqxN9K7XGF1hcnY+PQnlQJ+3bP2vCn/+Ru/bbc=",
        "owner": "NixOS",
        "repo": "nixpkgs",
        "rev": "14ccaaedd95a488dd7ae142757884d8e125b3363",
        "type": "github"
      },
      "original": {
        "owner": "NixOS",
        "ref": "nixpkgs-unstable",
        "repo": "nixpkgs",
        "type": "github"
      }
    },
    "nixpkgs_6": {
      "locked": {
        "lastModified": 1655043425,
        "narHash": "sha256-A+oT+aQGhW5lXy8H0cqBLsYtgcnT5glmGOXWQDcGw6I=",
        "owner": "NixOS",
        "repo": "nixpkgs",
        "rev": "914ef51ffa88d9b386c71bdc88bffc5273c08ada",
        "type": "github"
      },
      "original": {
        "id": "nixpkgs",
        "ref": "nixos-unstable",
        "type": "indirect"
      }
    },
    "nvim-dir": {
      "flake": false,
      "locked": {
        "lastModified": 1668622695,
        "narHash": "sha256-ZBH1Rlh5KcdYa4urBlbg+8vTwQEr6wTzJM0HcAJr3aE=",
        "ref": "refs/heads/main",
        "rev": "0d834115eb5f8c7e1b8419a4f0599145834548cf",
        "revCount": 246,
        "submodules": true,
        "type": "git",
        "url": "https://github.com/Icy-Thought/nvim.d.git"
      },
      "original": {
        "submodules": true,
        "type": "git",
        "url": "https://github.com/Icy-Thought/nvim.d.git"
      }
    },
    "nvim-nightly": {
      "inputs": {
        "flake-compat": "flake-compat",
        "neovim-flake": "neovim-flake",
        "nixpkgs": "nixpkgs_4"
      },
      "locked": {
        "lastModified": 1667981950,
        "narHash": "sha256-rOO+7k7lKIo9J8eBVYgLuPbEGe8sNYQNGeVaaB/6aek=",
        "owner": "nix-community",
        "repo": "neovim-nightly-overlay",
        "rev": "2a2a702fcb4ce5ecd792f1ec799d69026ce5d594",
        "type": "github"
      },
      "original": {
        "owner": "nix-community",
        "repo": "neovim-nightly-overlay",
        "type": "github"
      }
    },
    "root": {
      "inputs": {
        "agenix": "agenix",
        "doomemacs": "doomemacs",
        "emacs": "emacs",
        "emacs-dir": "emacs-dir",
        "home-manager": "home-manager",
        "hyprland": "hyprland",
        "kmonad": "kmonad",
        "nixpkgs": "nixpkgs_3",
        "nixpkgs-unstable": "nixpkgs-unstable",
        "nvim-dir": "nvim-dir",
        "nvim-nightly": "nvim-nightly",
        "rust": "rust",
        "spicetify-nix": "spicetify-nix"
      }
    },
    "rust": {
      "inputs": {
        "flake-utils": "flake-utils_3",
        "nixpkgs": "nixpkgs_5"
      },
      "locked": {
        "lastModified": 1667962118,
        "narHash": "sha256-RJi/HxlFxxJr1VeM3LLwrrRhiDGza+gphDMzt9QUS+M=",
        "owner": "oxalica",
        "repo": "rust-overlay",
        "rev": "91af035847a74cbd49ce9f764f8ef5fc641cb9b0",
        "type": "github"
      },
      "original": {
        "owner": "oxalica",
        "repo": "rust-overlay",
        "type": "github"
      }
    },
    "spicetify-nix": {
      "inputs": {
        "nixpkgs": "nixpkgs_6"
      },
      "locked": {
        "lastModified": 1666059600,
        "narHash": "sha256-ceVk8Yeg1jwrToeGReF3aphq0JPHykla6FjgVP0+d3s=",
        "owner": "the-argus",
        "repo": "spicetify-nix",
        "rev": "56f9397313b1f97ba94b1b2f947133fff4a12cee",
        "type": "github"
      },
      "original": {
        "owner": "the-argus",
        "repo": "spicetify-nix",
        "type": "github"
      }
    },
    "utils": {
      "locked": {
        "lastModified": 1667395993,
        "narHash": "sha256-nuEHfE/LcWyuSWnS8t12N1wc105Qtau+/OdUAjtQ0rA=",
        "owner": "numtide",
        "repo": "flake-utils",
        "rev": "5aed5285a952e0b949eb3ba02c12fa4fcfef535f",
        "type": "github"
      },
      "original": {
        "owner": "numtide",
        "repo": "flake-utils",
        "type": "github"
      }
    },
    "wlroots": {
      "flake": false,
      "locked": {
        "host": "gitlab.freedesktop.org",
        "lastModified": 1666466001,
        "narHash": "sha256-ZjxAnqtcGmHQHKL1Z9sIraDnzIqrJleWcJXfPtzAm74=",
        "owner": "wlroots",
        "repo": "wlroots",
        "rev": "c2d2773df57750081b16d56da13b5015d752cbd7",
        "type": "gitlab"
      },
      "original": {
        "host": "gitlab.freedesktop.org",
        "owner": "wlroots",
        "repo": "wlroots",
        "type": "gitlab"
      }
    }
  },
  "root": "root",
  "version": 7
}
