{
  "nodes": {
    "flake-utils": {
      "locked": {
        "lastModified": 1631561581,
        "narHash": "sha256-3VQMV5zvxaVLvqqUrNz3iJelLw30mIVSfZmAaauM3dA=",
        "owner": "numtide",
        "repo": "flake-utils",
        "rev": "7e5bf3925f6fbdfaf50a2a7ca0be2879c4261d19",
        "type": "github"
      },
      "original": {
        "owner": "numtide",
        "repo": "flake-utils",
        "type": "github"
      }
    },
    "flake-utils_2": {
      "locked": {
        "lastModified": 1631561581,
        "narHash": "sha256-3VQMV5zvxaVLvqqUrNz3iJelLw30mIVSfZmAaauM3dA=",
        "owner": "numtide",
        "repo": "flake-utils",
        "rev": "7e5bf3925f6fbdfaf50a2a7ca0be2879c4261d19",
        "type": "github"
      },
      "original": {
        "owner": "numtide",
        "repo": "flake-utils",
        "type": "github"
      }
    },
    "flake-utils_3": {
      "locked": {
        "lastModified": 1631561581,
        "narHash": "sha256-3VQMV5zvxaVLvqqUrNz3iJelLw30mIVSfZmAaauM3dA=",
        "owner": "numtide",
        "repo": "flake-utils",
        "rev": "7e5bf3925f6fbdfaf50a2a7ca0be2879c4261d19",
        "type": "github"
      },
      "original": {
        "owner": "numtide",
        "repo": "flake-utils",
        "type": "github"
      }
    },
    "flake-utils_4": {
      "locked": {
        "lastModified": 1631561581,
        "narHash": "sha256-3VQMV5zvxaVLvqqUrNz3iJelLw30mIVSfZmAaauM3dA=",
        "owner": "numtide",
        "repo": "flake-utils",
        "rev": "7e5bf3925f6fbdfaf50a2a7ca0be2879c4261d19",
        "type": "github"
      },
      "original": {
        "owner": "numtide",
        "repo": "flake-utils",
        "type": "github"
      }
    },
    "flake-utils_5": {
      "locked": {
        "lastModified": 1631561581,
        "narHash": "sha256-3VQMV5zvxaVLvqqUrNz3iJelLw30mIVSfZmAaauM3dA=",
        "owner": "numtide",
        "repo": "flake-utils",
        "rev": "7e5bf3925f6fbdfaf50a2a7ca0be2879c4261d19",
        "type": "github"
      },
      "original": {
        "owner": "numtide",
        "repo": "flake-utils",
        "type": "github"
      }
    },
    "git-ignore-nix": {
      "inputs": {
        "nixpkgs": "nixpkgs_2"
      },
      "locked": {
        "lastModified": 1626413882,
        "narHash": "sha256-ZHw1YVsrs7rG9jPEH0ZabbbCTdnVr48FAwK6GCQPSF4=",
        "owner": "IvanMalison",
        "repo": "gitignore.nix",
        "rev": "a2ffb0bfd0145ca57d792a6f9f76f5c305ca29b7",
        "type": "github"
      },
      "original": {
        "owner": "IvanMalison",
        "ref": "master",
        "repo": "gitignore.nix",
        "type": "github"
      }
    },
    "git-ignore-nix_2": {
      "inputs": {
        "nixpkgs": "nixpkgs_3"
      },
      "locked": {
        "lastModified": 1626413882,
        "narHash": "sha256-ZHw1YVsrs7rG9jPEH0ZabbbCTdnVr48FAwK6GCQPSF4=",
        "owner": "IvanMalison",
        "repo": "gitignore.nix",
        "rev": "a2ffb0bfd0145ca57d792a6f9f76f5c305ca29b7",
        "type": "github"
      },
      "original": {
        "owner": "IvanMalison",
        "ref": "master",
        "repo": "gitignore.nix",
        "type": "github"
      }
    },
    "git-ignore-nix_3": {
      "inputs": {
        "nixpkgs": "nixpkgs_5"
      },
      "locked": {
        "lastModified": 1626413882,
        "narHash": "sha256-ZHw1YVsrs7rG9jPEH0ZabbbCTdnVr48FAwK6GCQPSF4=",
        "owner": "IvanMalison",
        "repo": "gitignore.nix",
        "rev": "a2ffb0bfd0145ca57d792a6f9f76f5c305ca29b7",
        "type": "github"
      },
      "original": {
        "owner": "IvanMalison",
        "ref": "master",
        "repo": "gitignore.nix",
        "type": "github"
      }
    },
    "git-ignore-nix_4": {
      "inputs": {
        "nixpkgs": "nixpkgs_7"
      },
      "locked": {
        "lastModified": 1626413882,
        "narHash": "sha256-ZHw1YVsrs7rG9jPEH0ZabbbCTdnVr48FAwK6GCQPSF4=",
        "owner": "IvanMalison",
        "repo": "gitignore.nix",
        "rev": "a2ffb0bfd0145ca57d792a6f9f76f5c305ca29b7",
        "type": "github"
      },
      "original": {
        "owner": "IvanMalison",
        "ref": "master",
        "repo": "gitignore.nix",
        "type": "github"
      }
    },
    "gtk-sni-tray": {
      "inputs": {
        "flake-utils": "flake-utils_3",
        "git-ignore-nix": "git-ignore-nix_2",
        "nixpkgs": "nixpkgs_4",
        "status-notifier-item": "status-notifier-item"
      },
      "locked": {
        "lastModified": 1631239322,
        "narHash": "sha256-LYFcq6XY8tBVGI3JlCNgysq5AbGFbNelAWTFBfb10ag=",
        "owner": "taffybar",
        "repo": "gtk-sni-tray",
        "rev": "d17903cf1547cfc4c42ca29876c769c2727854ac",
        "type": "github"
      },
      "original": {
        "owner": "taffybar",
        "ref": "master",
        "repo": "gtk-sni-tray",
        "type": "github"
      }
    },
    "gtk-strut": {
      "inputs": {
        "flake-utils": "flake-utils_5",
        "git-ignore-nix": "git-ignore-nix_4",
        "nixpkgs": "nixpkgs_8"
      },
      "locked": {
        "lastModified": 1631296505,
        "narHash": "sha256-EUEo0g3nnerTrE77ss3Ecw14/1i+/L3r0hjLdHutRcQ=",
        "owner": "taffybar",
        "repo": "gtk-strut",
        "rev": "a39419e12e312b690c21bbfeb8c889c8881fcaf9",
        "type": "github"
      },
      "original": {
        "owner": "taffybar",
        "ref": "master",
        "repo": "gtk-strut",
        "type": "github"
      }
    },
    "nixpkgs": {
      "locked": {
        "lastModified": 1631481289,
        "narHash": "sha256-lZytoTzX8+yPeCkZj0YV1nBqYBLaxZXUh7MsrF+rFh0=",
        "path": "/nix/store/m7x3ppgac8gbi99rf8yw8zxs2rbghch2-source",
        "rev": "db88608d8c811a93b74c99cfa1224952afc78200",
        "type": "path"
      },
      "original": {
        "id": "nixpkgs",
        "type": "indirect"
      }
    },
    "nixpkgs_2": {
      "locked": {
        "lastModified": 1631481289,
        "narHash": "sha256-lZytoTzX8+yPeCkZj0YV1nBqYBLaxZXUh7MsrF+rFh0=",
        "path": "/nix/store/m7x3ppgac8gbi99rf8yw8zxs2rbghch2-source",
        "rev": "db88608d8c811a93b74c99cfa1224952afc78200",
        "type": "path"
      },
      "original": {
        "id": "nixpkgs",
        "type": "indirect"
      }
    },
    "nixpkgs_3": {
      "locked": {
        "lastModified": 1631481289,
        "narHash": "sha256-lZytoTzX8+yPeCkZj0YV1nBqYBLaxZXUh7MsrF+rFh0=",
        "path": "/nix/store/m7x3ppgac8gbi99rf8yw8zxs2rbghch2-source",
        "rev": "db88608d8c811a93b74c99cfa1224952afc78200",
        "type": "path"
      },
      "original": {
        "id": "nixpkgs",
        "type": "indirect"
      }
    },
    "nixpkgs_4": {
      "locked": {
        "lastModified": 1631481289,
        "narHash": "sha256-lZytoTzX8+yPeCkZj0YV1nBqYBLaxZXUh7MsrF+rFh0=",
        "path": "/nix/store/m7x3ppgac8gbi99rf8yw8zxs2rbghch2-source",
        "rev": "db88608d8c811a93b74c99cfa1224952afc78200",
        "type": "path"
      },
      "original": {
        "id": "nixpkgs",
        "type": "indirect"
      }
    },
    "nixpkgs_5": {
      "locked": {
        "lastModified": 1631481289,
        "narHash": "sha256-lZytoTzX8+yPeCkZj0YV1nBqYBLaxZXUh7MsrF+rFh0=",
        "path": "/nix/store/m7x3ppgac8gbi99rf8yw8zxs2rbghch2-source",
        "rev": "db88608d8c811a93b74c99cfa1224952afc78200",
        "type": "path"
      },
      "original": {
        "id": "nixpkgs",
        "type": "indirect"
      }
    },
    "nixpkgs_6": {
      "locked": {
        "lastModified": 1631481289,
        "narHash": "sha256-lZytoTzX8+yPeCkZj0YV1nBqYBLaxZXUh7MsrF+rFh0=",
        "path": "/nix/store/m7x3ppgac8gbi99rf8yw8zxs2rbghch2-source",
        "rev": "db88608d8c811a93b74c99cfa1224952afc78200",
        "type": "path"
      },
      "original": {
        "id": "nixpkgs",
        "type": "indirect"
      }
    },
    "nixpkgs_7": {
      "locked": {
        "lastModified": 1631481289,
        "narHash": "sha256-lZytoTzX8+yPeCkZj0YV1nBqYBLaxZXUh7MsrF+rFh0=",
        "path": "/nix/store/m7x3ppgac8gbi99rf8yw8zxs2rbghch2-source",
        "rev": "db88608d8c811a93b74c99cfa1224952afc78200",
        "type": "path"
      },
      "original": {
        "id": "nixpkgs",
        "type": "indirect"
      }
    },
    "nixpkgs_8": {
      "locked": {
        "lastModified": 1631481289,
        "narHash": "sha256-lZytoTzX8+yPeCkZj0YV1nBqYBLaxZXUh7MsrF+rFh0=",
        "path": "/nix/store/m7x3ppgac8gbi99rf8yw8zxs2rbghch2-source",
        "rev": "db88608d8c811a93b74c99cfa1224952afc78200",
        "type": "path"
      },
      "original": {
        "id": "nixpkgs",
        "type": "indirect"
      }
    },
    "nixpkgs_9": {
      "locked": {
        "lastModified": 1631481289,
        "narHash": "sha256-lZytoTzX8+yPeCkZj0YV1nBqYBLaxZXUh7MsrF+rFh0=",
        "path": "/nix/store/m7x3ppgac8gbi99rf8yw8zxs2rbghch2-source",
        "rev": "db88608d8c811a93b74c99cfa1224952afc78200",
        "type": "path"
      },
      "original": {
        "id": "nixpkgs",
        "type": "indirect"
      }
    },
    "root": {
      "inputs": {
        "flake-utils": "flake-utils",
        "nixpkgs": "nixpkgs",
        "taffybar": "taffybar"
      }
    },
    "status-notifier-item": {
      "inputs": {
        "flake-utils": "flake-utils_4",
        "git-ignore-nix": "git-ignore-nix_3",
        "nixpkgs": "nixpkgs_6"
      },
      "locked": {
        "lastModified": 1627765570,
        "narHash": "sha256-EJHvVtYQvohhOhznY5Iy3GR0zyjwMF+lsCr5hgL3ziw=",
        "owner": "taffybar",
        "repo": "status-notifier-item",
        "rev": "c5d7d898e4f13ec9864e5047b6da25de62535672",
        "type": "github"
      },
      "original": {
        "owner": "taffybar",
        "ref": "master",
        "repo": "status-notifier-item",
        "type": "github"
      }
    },
    "taffybar": {
      "inputs": {
        "flake-utils": "flake-utils_2",
        "git-ignore-nix": "git-ignore-nix",
        "gtk-sni-tray": "gtk-sni-tray",
        "gtk-strut": "gtk-strut",
        "nixpkgs": "nixpkgs_9"
      },
      "locked": {
        "lastModified": 1631407155,
        "narHash": "sha256-NlcmcuM4njhVQ6qeTECNY0V683zseb6UU9pUdLTbLsY=",
        "owner": "taffybar",
        "repo": "taffybar",
        "rev": "437f73075261f5e0a018aa190f49d2f50d371aed",
        "type": "github"
      },
      "original": {
        "owner": "taffybar",
        "repo": "taffybar",
        "type": "github"
      }
    }
  },
  "root": "root",
  "version": 7
}
