{
  "nodes": {
    "flake-utils": {
      "locked": {
        "lastModified": 1667395993,
        "narHash": "sha256-nuEHfE/LcWyuSWnS8t12N1wc105Qtau+/OdUAjtQ0rA=",
        "owner": "numtide",
        "repo": "flake-utils",
        "rev": "5aed5285a952e0b949eb3ba02c12fa4fcfef535f",
        "type": "github"
      },
      "original": {
        "owner": "numtide",
        "repo": "flake-utils",
        "type": "github"
      }
    },
    "flake-utils_2": {
      "locked": {
        "lastModified": 1667395993,
        "narHash": "sha256-nuEHfE/LcWyuSWnS8t12N1wc105Qtau+/OdUAjtQ0rA=",
        "owner": "numtide",
        "repo": "flake-utils",
        "rev": "5aed5285a952e0b949eb3ba02c12fa4fcfef535f",
        "type": "github"
      },
      "original": {
        "owner": "numtide",
        "repo": "flake-utils",
        "type": "github"
      }
    },
    "flake-utils_3": {
      "locked": {
        "lastModified": 1667395993,
        "narHash": "sha256-nuEHfE/LcWyuSWnS8t12N1wc105Qtau+/OdUAjtQ0rA=",
        "owner": "numtide",
        "repo": "flake-utils",
        "rev": "5aed5285a952e0b949eb3ba02c12fa4fcfef535f",
        "type": "github"
      },
      "original": {
        "owner": "numtide",
        "repo": "flake-utils",
        "type": "github"
      }
    },
    "flake-utils_4": {
      "locked": {
        "lastModified": 1667395993,
        "narHash": "sha256-nuEHfE/LcWyuSWnS8t12N1wc105Qtau+/OdUAjtQ0rA=",
        "owner": "numtide",
        "repo": "flake-utils",
        "rev": "5aed5285a952e0b949eb3ba02c12fa4fcfef535f",
        "type": "github"
      },
      "original": {
        "owner": "numtide",
        "repo": "flake-utils",
        "type": "github"
      }
    },
    "flake-utils_5": {
      "locked": {
        "lastModified": 1667395993,
        "narHash": "sha256-nuEHfE/LcWyuSWnS8t12N1wc105Qtau+/OdUAjtQ0rA=",
        "owner": "numtide",
        "repo": "flake-utils",
        "rev": "5aed5285a952e0b949eb3ba02c12fa4fcfef535f",
        "type": "github"
      },
      "original": {
        "owner": "numtide",
        "repo": "flake-utils",
        "type": "github"
      }
    },
    "git-ignore-nix": {
      "inputs": {
        "nixpkgs": "nixpkgs_2"
      },
      "locked": {
        "lastModified": 1660459072,
        "narHash": "sha256-8DFJjXG8zqoONA1vXtgeKXy68KdJL5UaXR8NtVMUbx8=",
        "owner": "hercules-ci",
        "repo": "gitignore.nix",
        "rev": "a20de23b925fd8264fd7fad6454652e142fd7f73",
        "type": "github"
      },
      "original": {
        "owner": "hercules-ci",
        "ref": "master",
        "repo": "gitignore.nix",
        "type": "github"
      }
    },
    "git-ignore-nix_2": {
      "inputs": {
        "nixpkgs": "nixpkgs_3"
      },
      "locked": {
        "lastModified": 1660459072,
        "narHash": "sha256-8DFJjXG8zqoONA1vXtgeKXy68KdJL5UaXR8NtVMUbx8=",
        "owner": "hercules-ci",
        "repo": "gitignore.nix",
        "rev": "a20de23b925fd8264fd7fad6454652e142fd7f73",
        "type": "github"
      },
      "original": {
        "owner": "hercules-ci",
        "ref": "master",
        "repo": "gitignore.nix",
        "type": "github"
      }
    },
    "git-ignore-nix_3": {
      "inputs": {
        "nixpkgs": "nixpkgs_5"
      },
      "locked": {
        "lastModified": 1660459072,
        "narHash": "sha256-8DFJjXG8zqoONA1vXtgeKXy68KdJL5UaXR8NtVMUbx8=",
        "owner": "hercules-ci",
        "repo": "gitignore.nix",
        "rev": "a20de23b925fd8264fd7fad6454652e142fd7f73",
        "type": "github"
      },
      "original": {
        "owner": "hercules-ci",
        "ref": "master",
        "repo": "gitignore.nix",
        "type": "github"
      }
    },
    "git-ignore-nix_4": {
      "inputs": {
        "nixpkgs": "nixpkgs_7"
      },
      "locked": {
        "lastModified": 1660459072,
        "narHash": "sha256-8DFJjXG8zqoONA1vXtgeKXy68KdJL5UaXR8NtVMUbx8=",
        "owner": "hercules-ci",
        "repo": "gitignore.nix",
        "rev": "a20de23b925fd8264fd7fad6454652e142fd7f73",
        "type": "github"
      },
      "original": {
        "owner": "hercules-ci",
        "ref": "master",
        "repo": "gitignore.nix",
        "type": "github"
      }
    },
    "gtk-sni-tray": {
      "inputs": {
        "flake-utils": "flake-utils_3",
        "git-ignore-nix": "git-ignore-nix_2",
        "nixpkgs": "nixpkgs_4",
        "status-notifier-item": "status-notifier-item"
      },
      "locked": {
        "lastModified": 1663379156,
        "narHash": "sha256-GAMywciX4sEZYRz0MA0FbKCsLDLz28CdkLJ44Y6klwU=",
        "owner": "taffybar",
        "repo": "gtk-sni-tray",
        "rev": "d94a9e3ec2e6310b2b36d17638d1facdee292b59",
        "type": "github"
      },
      "original": {
        "owner": "taffybar",
        "ref": "master",
        "repo": "gtk-sni-tray",
        "type": "github"
      }
    },
    "gtk-strut": {
      "inputs": {
        "flake-utils": "flake-utils_5",
        "git-ignore-nix": "git-ignore-nix_4",
        "nixpkgs": "nixpkgs_8"
      },
      "locked": {
        "lastModified": 1663377859,
        "narHash": "sha256-UrBd+R3NaJIDC2lt5gMafS3KBeLs83emm2YorX2cFCo=",
        "owner": "taffybar",
        "repo": "gtk-strut",
        "rev": "d946eb230cdccf5afc063642b3215723e555990b",
        "type": "github"
      },
      "original": {
        "owner": "taffybar",
        "ref": "master",
        "repo": "gtk-strut",
        "type": "github"
      }
    },
    "nixpkgs": {
      "locked": {
        "lastModified": 1669542132,
        "narHash": "sha256-DRlg++NJAwPh8io3ExBJdNW7Djs3plVI5jgYQ+iXAZQ=",
        "path": "/nix/store/n0f21zpy9w90sa9v75iwx6fmk897z3nw-source",
        "rev": "a115bb9bd56831941be3776c8a94005867f316a7",
        "type": "path"
      },
      "original": {
        "id": "nixpkgs",
        "type": "indirect"
      }
    },
    "nixpkgs_2": {
      "locked": {
        "lastModified": 1632846328,
        "narHash": "sha256-sFi6YtlGK30TBB9o6CW7LG9mYHkgtKeWbSLAjjrNTX0=",
        "owner": "NixOS",
        "repo": "nixpkgs",
        "rev": "2b71ddd869ad592510553d09fe89c9709fa26b2b",
        "type": "github"
      },
      "original": {
        "id": "nixpkgs",
        "type": "indirect"
      }
    },
    "nixpkgs_3": {
      "locked": {
        "lastModified": 1632846328,
        "narHash": "sha256-sFi6YtlGK30TBB9o6CW7LG9mYHkgtKeWbSLAjjrNTX0=",
        "owner": "NixOS",
        "repo": "nixpkgs",
        "rev": "2b71ddd869ad592510553d09fe89c9709fa26b2b",
        "type": "github"
      },
      "original": {
        "id": "nixpkgs",
        "type": "indirect"
      }
    },
    "nixpkgs_4": {
      "locked": {
        "lastModified": 1669542132,
        "narHash": "sha256-DRlg++NJAwPh8io3ExBJdNW7Djs3plVI5jgYQ+iXAZQ=",
        "path": "/nix/store/n0f21zpy9w90sa9v75iwx6fmk897z3nw-source",
        "rev": "a115bb9bd56831941be3776c8a94005867f316a7",
        "type": "path"
      },
      "original": {
        "id": "nixpkgs",
        "type": "indirect"
      }
    },
    "nixpkgs_5": {
      "locked": {
        "lastModified": 1632846328,
        "narHash": "sha256-sFi6YtlGK30TBB9o6CW7LG9mYHkgtKeWbSLAjjrNTX0=",
        "owner": "NixOS",
        "repo": "nixpkgs",
        "rev": "2b71ddd869ad592510553d09fe89c9709fa26b2b",
        "type": "github"
      },
      "original": {
        "id": "nixpkgs",
        "type": "indirect"
      }
    },
    "nixpkgs_6": {
      "locked": {
        "lastModified": 1669542132,
        "narHash": "sha256-DRlg++NJAwPh8io3ExBJdNW7Djs3plVI5jgYQ+iXAZQ=",
        "path": "/nix/store/n0f21zpy9w90sa9v75iwx6fmk897z3nw-source",
        "rev": "a115bb9bd56831941be3776c8a94005867f316a7",
        "type": "path"
      },
      "original": {
        "id": "nixpkgs",
        "type": "indirect"
      }
    },
    "nixpkgs_7": {
      "locked": {
        "lastModified": 1632846328,
        "narHash": "sha256-sFi6YtlGK30TBB9o6CW7LG9mYHkgtKeWbSLAjjrNTX0=",
        "owner": "NixOS",
        "repo": "nixpkgs",
        "rev": "2b71ddd869ad592510553d09fe89c9709fa26b2b",
        "type": "github"
      },
      "original": {
        "id": "nixpkgs",
        "type": "indirect"
      }
    },
    "nixpkgs_8": {
      "locked": {
        "lastModified": 1669542132,
        "narHash": "sha256-DRlg++NJAwPh8io3ExBJdNW7Djs3plVI5jgYQ+iXAZQ=",
        "path": "/nix/store/n0f21zpy9w90sa9v75iwx6fmk897z3nw-source",
        "rev": "a115bb9bd56831941be3776c8a94005867f316a7",
        "type": "path"
      },
      "original": {
        "id": "nixpkgs",
        "type": "indirect"
      }
    },
    "nixpkgs_9": {
      "locked": {
        "lastModified": 1669542132,
        "narHash": "sha256-DRlg++NJAwPh8io3ExBJdNW7Djs3plVI5jgYQ+iXAZQ=",
        "path": "/nix/store/n0f21zpy9w90sa9v75iwx6fmk897z3nw-source",
        "rev": "a115bb9bd56831941be3776c8a94005867f316a7",
        "type": "path"
      },
      "original": {
        "id": "nixpkgs",
        "type": "indirect"
      }
    },
    "root": {
      "inputs": {
        "flake-utils": "flake-utils",
        "nixpkgs": "nixpkgs",
        "taffybar": "taffybar"
      }
    },
    "status-notifier-item": {
      "inputs": {
        "flake-utils": "flake-utils_4",
        "git-ignore-nix": "git-ignore-nix_3",
        "nixpkgs": "nixpkgs_6"
      },
      "locked": {
        "lastModified": 1641783528,
        "narHash": "sha256-wJymJfYPFj4/r1e4kT/wt9FEsyCXo5JkkcOoozpuhag=",
        "owner": "taffybar",
        "repo": "status-notifier-item",
        "rev": "f4f9c66ab57fc42eeed0de8cfac9f5f9d30d9dc7",
        "type": "github"
      },
      "original": {
        "owner": "taffybar",
        "ref": "master",
        "repo": "status-notifier-item",
        "type": "github"
      }
    },
    "taffybar": {
      "inputs": {
        "flake-utils": "flake-utils_2",
        "git-ignore-nix": "git-ignore-nix",
        "gtk-sni-tray": "gtk-sni-tray",
        "gtk-strut": "gtk-strut",
        "nixpkgs": "nixpkgs_9"
      },
      "locked": {
        "lastModified": 1668815069,
        "narHash": "sha256-G5pert+GvpU33GNfdBa8T+z+u7r7WCW+Cr9z2lUBtbQ=",
        "owner": "taffybar",
        "repo": "taffybar",
        "rev": "78d2609b28fe1ee8098ee4756d048ff9e0369158",
        "type": "github"
      },
      "original": {
        "owner": "taffybar",
        "repo": "taffybar",
        "type": "github"
      }
    }
  },
  "root": "root",
  "version": 7
}
